{
    "_readme": [
        "This file locks the dependencies of your project to a known state",
        "Read more about it at http://getcomposer.org/doc/01-basic-usage.md#composer-lock-the-lock-file",
        "This file is @generated automatically"
    ],
    "hash": "76a17461565c24493e2d3c1c7eff5ea5",
    "packages": [
        {
            "name": "PlatinMarket/platinbox-openid",
            "version": "0.7",
            "source": {
                "type": "git",
                "url": "https://github.com/PlatinMarket/platinbox-openid.git",
                "reference": "master"
            },
            "type": "library"
        }
    ],
    "packages-dev": [],
    "aliases": [],
    "minimum-stability": "stable",
    "stability-flags": [],
    "prefer-stable": false,
    "prefer-lowest": false,
    "platform": [],
    "platform-dev": []
}
